
Microsoft Visual Studio Solution File, Format Version 12.00
# Visual Studio 15
VisualStudioVersion = 15.0.27703.2042
MinimumVisualStudioVersion = 10.0.40219.1
Project("{FAE04EC0-301F-11D3-BF4B-00C04F79EFBC}") = "MvcMovie", "MvcMovie\MvcMovie.csproj", "{797E5E23-F076-42D0-9262-0E8807A3A14F}"
EndProject
Global
	GlobalSection(SolutionConfigurationPlatforms) = preSolution
		Debug|Any CPU = Debug|Any CPU
		Release|Any CPU = Release|Any CPU
	EndGlobalSection
	GlobalSection(ProjectConfigurationPlatforms) = postSolution
		{797E5E23-F076-42D0-9262-0E8807A3A14F}.Debug|Any CPU.ActiveCfg = Debug|Any CPU
		{797E5E23-F076-42D0-9262-0E8807A3A14F}.Debug|Any CPU.Build.0 = Debug|Any CPU
		{797E5E23-F076-42D0-9262-0E8807A3A14F}.Release|Any CPU.ActiveCfg = Release|Any CPU
		{797E5E23-F076-42D0-9262-0E8807A3A14F}.Release|Any CPU.Build.0 = Release|Any CPU
	EndGlobalSection
	GlobalSection(SolutionProperties) = preSolution
		HideSolutionNode = FALSE
	EndGlobalSection
	GlobalSection(ExtensibilityGlobals) = postSolution
		SolutionGuid = {49C6D808-10AD-4577-AE37-E45E48DE4F98}
	EndGlobalSection
EndGlobal
